
Microsoft Visual Studio Solution File, Format Version 12.00
# Visual Studio 15
VisualStudioVersion = 15.0.27130.2027
MinimumVisualStudioVersion = 10.0.40219.1
Project("{2150E333-8FDC-42A3-9474-1A3956D46DE8}") = "Components", "Components", "{E448FC46-965F-4D6A-A98E-821649B4AED3}"
EndProject
Project("{2150E333-8FDC-42A3-9474-1A3956D46DE8}") = "Usage", "Usage", "{E5AB38F3-F142-41B9-82B5-7F1F99EFA0A2}"
EndProject
Project("{2150E333-8FDC-42A3-9474-1A3956D46DE8}") = "Logger", "Logger", "{BAF53156-5E7A-4C12-9774-2EDF4E83F192}"
EndProject
Project("{9A19103F-16F7-4668-BE54-9A1E7A4F7556}") = "Logging", "Logger\Logging\Logging.csproj", "{5DC011EF-7EBB-4212-84AD-29BFBB089EF7}"
EndProject
Project("{9A19103F-16F7-4668-BE54-9A1E7A4F7556}") = "ComponentContract", "Components\ComponentContract\ComponentContract.csproj", "{17DC17EF-C90E-4864-9C04-5FD484BA3000}"
EndProject
Project("{9A19103F-16F7-4668-BE54-9A1E7A4F7556}") = "ComponentsLoader", "Components\ComponentsLoader\ComponentsLoader.csproj", "{568AC684-6797-4B10-86AB-3D3D1F70699B}"
EndProject
Project("{2150E333-8FDC-42A3-9474-1A3956D46DE8}") = "Configuration", "Configuration", "{9BA71A1A-D712-47CC-B230-6979D2CFD5F7}"
EndProject
Project("{9A19103F-16F7-4668-BE54-9A1E7A4F7556}") = "ConfigurationManager", "Configuration\ConfigurationManager\ConfigurationManager.csproj", "{29976D6C-648F-4D65-9FFA-31E1B72BABCA}"
EndProject
Project("{2150E333-8FDC-42A3-9474-1A3956D46DE8}") = "Legion", "Legion", "{91B76D42-EA29-400B-983E-1C5E8315576E}"
EndProject
Project("{9A19103F-16F7-4668-BE54-9A1E7A4F7556}") = "LegionContract", "Legion\LegionContract\LegionContract.csproj", "{8C1ACEE8-A4C5-4432-A052-4F8B3702665E}"
EndProject
Project("{9A19103F-16F7-4668-BE54-9A1E7A4F7556}") = "LegionCore", "Legion\LegionCore\LegionCore.csproj", "{2465BB96-ADCA-4C86-9F31-38A63D6B365D}"
EndProject
Project("{2150E333-8FDC-42A3-9474-1A3956D46DE8}") = "Usage", "Usage", "{34223BDB-D51B-48F7-BD8E-40C2AE55C219}"
EndProject
Project("{9A19103F-16F7-4668-BE54-9A1E7A4F7556}") = "BasicTask", "Legion\Usage\BasicTask\BasicTask.csproj", "{AA04930B-9959-4F49-AE33-BC2F919F7470}"
EndProject
Project("{9A19103F-16F7-4668-BE54-9A1E7A4F7556}") = "MulAndWaitTask", "Legion\Usage\MulAndWaitTask\MulAndWaitTask.csproj", "{9CA0E838-DBA5-4FFF-B322-9A44B47E0AA0}"
EndProject
Project("{2150E333-8FDC-42A3-9474-1A3956D46DE8}") = "Host", "Host", "{5EDC821F-A295-4E1A-9C77-B6021857A954}"
EndProject
Project("{9A19103F-16F7-4668-BE54-9A1E7A4F7556}") = "HostNetCore", "Host\HostNetCore\HostNetCore.csproj", "{2D57547A-0A4F-4A83-92F5-BC27253F1FC9}"
EndProject
Project("{9A19103F-16F7-4668-BE54-9A1E7A4F7556}") = "HostLibrary", "Host\HostLibrary\HostLibrary.csproj", "{D7B04AAC-2177-4897-99A9-DE731EA960DC}"
EndProject
Project("{FAE04EC0-301F-11D3-BF4B-00C04F79EFBC}") = "HostNetFramework", "Host\HostNetFramework\HostNetFramework.csproj", "{80876C2D-BF96-422C-9BA0-A085C4ACD3F5}"
EndProject
Project("{9A19103F-16F7-4668-BE54-9A1E7A4F7556}") = "ComponentsTests", "Components\ComponentsTests\ComponentsTests.csproj", "{BD4E36C3-5B4C-4596-9C46-A841368B574D}"
EndProject
Project("{9A19103F-16F7-4668-BE54-9A1E7A4F7556}") = "ConfigurationTests", "Configuration\ConfigurationTests\ConfigurationTests.csproj", "{59A321A8-3F10-40A3-B76F-50342BF42436}"
EndProject
Project("{9A19103F-16F7-4668-BE54-9A1E7A4F7556}") = "LegionTests", "Legion\LegionTests\LegionTests.csproj", "{09AC2BCA-AC0C-4E01-9466-CACFA57E7EC8}"
EndProject
Project("{9A19103F-16F7-4668-BE54-9A1E7A4F7556}") = "LoggingTests", "Logger\LoggingTests\LoggingTests.csproj", "{69516DDF-ED10-43FC-9726-0DCD0950EE0B}"
EndProject
Project("{FAE04EC0-301F-11D3-BF4B-00C04F79EFBC}") = "AbstractClassContract", "Components\Usage\AbstractClassContract\AbstractClassContract.csproj", "{05027D56-DB25-4ECE-960A-3B1D63D5C0E9}"
EndProject
Project("{FAE04EC0-301F-11D3-BF4B-00C04F79EFBC}") = "Calculator", "Components\Usage\Calculator\Calculator.csproj", "{4F37F05C-19CE-4443-AD88-D82D941E779F}"
EndProject
Project("{FAE04EC0-301F-11D3-BF4B-00C04F79EFBC}") = "LowerManipulator", "Components\Usage\LowerManipulator\LowerManipulator.csproj", "{EC62A3AF-0E3F-43DC-8604-DA755DB0F125}"
EndProject
Project("{FAE04EC0-301F-11D3-BF4B-00C04F79EFBC}") = "MyCalculator", "Components\Usage\MyCalculator\MyCalculator.csproj", "{9CF541F7-2F53-45B5-AB80-3B23C307036C}"
EndProject
Project("{FAE04EC0-301F-11D3-BF4B-00C04F79EFBC}") = "MyCalculator2", "Components\Usage\MyCalculator2\MyCalculator2.csproj", "{42C41FD8-44BA-4C61-A3F0-D792ED319DF5}"
EndProject
Project("{FAE04EC0-301F-11D3-BF4B-00C04F79EFBC}") = "ReversingManipulator", "Components\Usage\ReversingManipulator\ReversingManipulator.csproj", "{5D0C59AB-E258-4821-BC89-C9C45ED49C11}"
EndProject
Project("{FAE04EC0-301F-11D3-BF4B-00C04F79EFBC}") = "AbstractClassContractImplementation", "Components\Usage\AbstractClassContractImplementation\AbstractClassContractImplementation.csproj", "{821573D2-165A-4C89-8E36-36137704CF99}"
EndProject
Project("{FAE04EC0-301F-11D3-BF4B-00C04F79EFBC}") = "StringManipulator", "Components\Usage\StringManipulator\StringManipulator.csproj", "{4D38465D-F577-49BE-BBC6-43A7CE9FB822}"
EndProject
Project("{FAE04EC0-301F-11D3-BF4B-00C04F79EFBC}") = "UpperManipulator", "Components\Usage\UpperManipulator\UpperManipulator.csproj", "{8DF3AEDB-A4A6-4965-A8DE-3771AC79CF04}"
EndProject
Global
	GlobalSection(SolutionConfigurationPlatforms) = preSolution
		Debug|Any CPU = Debug|Any CPU
		Release|Any CPU = Release|Any CPU
	EndGlobalSection
	GlobalSection(ProjectConfigurationPlatforms) = postSolution
		{5DC011EF-7EBB-4212-84AD-29BFBB089EF7}.Debug|Any CPU.ActiveCfg = Debug|Any CPU
		{5DC011EF-7EBB-4212-84AD-29BFBB089EF7}.Debug|Any CPU.Build.0 = Debug|Any CPU
		{5DC011EF-7EBB-4212-84AD-29BFBB089EF7}.Release|Any CPU.ActiveCfg = Release|Any CPU
		{5DC011EF-7EBB-4212-84AD-29BFBB089EF7}.Release|Any CPU.Build.0 = Release|Any CPU
		{17DC17EF-C90E-4864-9C04-5FD484BA3000}.Debug|Any CPU.ActiveCfg = Debug|Any CPU
		{17DC17EF-C90E-4864-9C04-5FD484BA3000}.Debug|Any CPU.Build.0 = Debug|Any CPU
		{17DC17EF-C90E-4864-9C04-5FD484BA3000}.Release|Any CPU.ActiveCfg = Release|Any CPU
		{17DC17EF-C90E-4864-9C04-5FD484BA3000}.Release|Any CPU.Build.0 = Release|Any CPU
		{568AC684-6797-4B10-86AB-3D3D1F70699B}.Debug|Any CPU.ActiveCfg = Debug|Any CPU
		{568AC684-6797-4B10-86AB-3D3D1F70699B}.Debug|Any CPU.Build.0 = Debug|Any CPU
		{568AC684-6797-4B10-86AB-3D3D1F70699B}.Release|Any CPU.ActiveCfg = Release|Any CPU
		{568AC684-6797-4B10-86AB-3D3D1F70699B}.Release|Any CPU.Build.0 = Release|Any CPU
		{29976D6C-648F-4D65-9FFA-31E1B72BABCA}.Debug|Any CPU.ActiveCfg = Debug|Any CPU
		{29976D6C-648F-4D65-9FFA-31E1B72BABCA}.Debug|Any CPU.Build.0 = Debug|Any CPU
		{29976D6C-648F-4D65-9FFA-31E1B72BABCA}.Release|Any CPU.ActiveCfg = Release|Any CPU
		{29976D6C-648F-4D65-9FFA-31E1B72BABCA}.Release|Any CPU.Build.0 = Release|Any CPU
		{8C1ACEE8-A4C5-4432-A052-4F8B3702665E}.Debug|Any CPU.ActiveCfg = Debug|Any CPU
		{8C1ACEE8-A4C5-4432-A052-4F8B3702665E}.Debug|Any CPU.Build.0 = Debug|Any CPU
		{8C1ACEE8-A4C5-4432-A052-4F8B3702665E}.Release|Any CPU.ActiveCfg = Release|Any CPU
		{8C1ACEE8-A4C5-4432-A052-4F8B3702665E}.Release|Any CPU.Build.0 = Release|Any CPU
		{2465BB96-ADCA-4C86-9F31-38A63D6B365D}.Debug|Any CPU.ActiveCfg = Debug|Any CPU
		{2465BB96-ADCA-4C86-9F31-38A63D6B365D}.Debug|Any CPU.Build.0 = Debug|Any CPU
		{2465BB96-ADCA-4C86-9F31-38A63D6B365D}.Release|Any CPU.ActiveCfg = Release|Any CPU
		{2465BB96-ADCA-4C86-9F31-38A63D6B365D}.Release|Any CPU.Build.0 = Release|Any CPU
		{AA04930B-9959-4F49-AE33-BC2F919F7470}.Debug|Any CPU.ActiveCfg = Debug|Any CPU
		{AA04930B-9959-4F49-AE33-BC2F919F7470}.Debug|Any CPU.Build.0 = Debug|Any CPU
		{AA04930B-9959-4F49-AE33-BC2F919F7470}.Release|Any CPU.ActiveCfg = Release|Any CPU
		{AA04930B-9959-4F49-AE33-BC2F919F7470}.Release|Any CPU.Build.0 = Release|Any CPU
		{9CA0E838-DBA5-4FFF-B322-9A44B47E0AA0}.Debug|Any CPU.ActiveCfg = Debug|Any CPU
		{9CA0E838-DBA5-4FFF-B322-9A44B47E0AA0}.Debug|Any CPU.Build.0 = Debug|Any CPU
		{9CA0E838-DBA5-4FFF-B322-9A44B47E0AA0}.Release|Any CPU.ActiveCfg = Release|Any CPU
		{9CA0E838-DBA5-4FFF-B322-9A44B47E0AA0}.Release|Any CPU.Build.0 = Release|Any CPU
		{2D57547A-0A4F-4A83-92F5-BC27253F1FC9}.Debug|Any CPU.ActiveCfg = Debug|Any CPU
		{2D57547A-0A4F-4A83-92F5-BC27253F1FC9}.Debug|Any CPU.Build.0 = Debug|Any CPU
		{2D57547A-0A4F-4A83-92F5-BC27253F1FC9}.Release|Any CPU.ActiveCfg = Release|Any CPU
		{2D57547A-0A4F-4A83-92F5-BC27253F1FC9}.Release|Any CPU.Build.0 = Release|Any CPU
		{D7B04AAC-2177-4897-99A9-DE731EA960DC}.Debug|Any CPU.ActiveCfg = Debug|Any CPU
		{D7B04AAC-2177-4897-99A9-DE731EA960DC}.Debug|Any CPU.Build.0 = Debug|Any CPU
		{D7B04AAC-2177-4897-99A9-DE731EA960DC}.Release|Any CPU.ActiveCfg = Release|Any CPU
		{D7B04AAC-2177-4897-99A9-DE731EA960DC}.Release|Any CPU.Build.0 = Release|Any CPU
		{80876C2D-BF96-422C-9BA0-A085C4ACD3F5}.Debug|Any CPU.ActiveCfg = Debug|Any CPU
		{80876C2D-BF96-422C-9BA0-A085C4ACD3F5}.Debug|Any CPU.Build.0 = Debug|Any CPU
		{80876C2D-BF96-422C-9BA0-A085C4ACD3F5}.Release|Any CPU.ActiveCfg = Release|Any CPU
		{80876C2D-BF96-422C-9BA0-A085C4ACD3F5}.Release|Any CPU.Build.0 = Release|Any CPU
		{BD4E36C3-5B4C-4596-9C46-A841368B574D}.Debug|Any CPU.ActiveCfg = Debug|Any CPU
		{BD4E36C3-5B4C-4596-9C46-A841368B574D}.Debug|Any CPU.Build.0 = Debug|Any CPU
		{BD4E36C3-5B4C-4596-9C46-A841368B574D}.Release|Any CPU.ActiveCfg = Release|Any CPU
		{BD4E36C3-5B4C-4596-9C46-A841368B574D}.Release|Any CPU.Build.0 = Release|Any CPU
		{59A321A8-3F10-40A3-B76F-50342BF42436}.Debug|Any CPU.ActiveCfg = Debug|Any CPU
		{59A321A8-3F10-40A3-B76F-50342BF42436}.Debug|Any CPU.Build.0 = Debug|Any CPU
		{59A321A8-3F10-40A3-B76F-50342BF42436}.Release|Any CPU.ActiveCfg = Release|Any CPU
		{59A321A8-3F10-40A3-B76F-50342BF42436}.Release|Any CPU.Build.0 = Release|Any CPU
		{09AC2BCA-AC0C-4E01-9466-CACFA57E7EC8}.Debug|Any CPU.ActiveCfg = Debug|Any CPU
		{09AC2BCA-AC0C-4E01-9466-CACFA57E7EC8}.Debug|Any CPU.Build.0 = Debug|Any CPU
		{09AC2BCA-AC0C-4E01-9466-CACFA57E7EC8}.Release|Any CPU.ActiveCfg = Release|Any CPU
		{09AC2BCA-AC0C-4E01-9466-CACFA57E7EC8}.Release|Any CPU.Build.0 = Release|Any CPU
		{69516DDF-ED10-43FC-9726-0DCD0950EE0B}.Debug|Any CPU.ActiveCfg = Debug|Any CPU
		{69516DDF-ED10-43FC-9726-0DCD0950EE0B}.Debug|Any CPU.Build.0 = Debug|Any CPU
		{69516DDF-ED10-43FC-9726-0DCD0950EE0B}.Release|Any CPU.ActiveCfg = Release|Any CPU
		{69516DDF-ED10-43FC-9726-0DCD0950EE0B}.Release|Any CPU.Build.0 = Release|Any CPU
		{05027D56-DB25-4ECE-960A-3B1D63D5C0E9}.Debug|Any CPU.ActiveCfg = Debug|Any CPU
		{05027D56-DB25-4ECE-960A-3B1D63D5C0E9}.Debug|Any CPU.Build.0 = Debug|Any CPU
		{05027D56-DB25-4ECE-960A-3B1D63D5C0E9}.Release|Any CPU.ActiveCfg = Release|Any CPU
		{05027D56-DB25-4ECE-960A-3B1D63D5C0E9}.Release|Any CPU.Build.0 = Release|Any CPU
		{4F37F05C-19CE-4443-AD88-D82D941E779F}.Debug|Any CPU.ActiveCfg = Debug|Any CPU
		{4F37F05C-19CE-4443-AD88-D82D941E779F}.Debug|Any CPU.Build.0 = Debug|Any CPU
		{4F37F05C-19CE-4443-AD88-D82D941E779F}.Release|Any CPU.ActiveCfg = Release|Any CPU
		{4F37F05C-19CE-4443-AD88-D82D941E779F}.Release|Any CPU.Build.0 = Release|Any CPU
		{EC62A3AF-0E3F-43DC-8604-DA755DB0F125}.Debug|Any CPU.ActiveCfg = Debug|Any CPU
		{EC62A3AF-0E3F-43DC-8604-DA755DB0F125}.Debug|Any CPU.Build.0 = Debug|Any CPU
		{EC62A3AF-0E3F-43DC-8604-DA755DB0F125}.Release|Any CPU.ActiveCfg = Release|Any CPU
		{EC62A3AF-0E3F-43DC-8604-DA755DB0F125}.Release|Any CPU.Build.0 = Release|Any CPU
		{9CF541F7-2F53-45B5-AB80-3B23C307036C}.Debug|Any CPU.ActiveCfg = Debug|Any CPU
		{9CF541F7-2F53-45B5-AB80-3B23C307036C}.Debug|Any CPU.Build.0 = Debug|Any CPU
		{9CF541F7-2F53-45B5-AB80-3B23C307036C}.Release|Any CPU.ActiveCfg = Release|Any CPU
		{9CF541F7-2F53-45B5-AB80-3B23C307036C}.Release|Any CPU.Build.0 = Release|Any CPU
		{42C41FD8-44BA-4C61-A3F0-D792ED319DF5}.Debug|Any CPU.ActiveCfg = Debug|Any CPU
		{42C41FD8-44BA-4C61-A3F0-D792ED319DF5}.Debug|Any CPU.Build.0 = Debug|Any CPU
		{42C41FD8-44BA-4C61-A3F0-D792ED319DF5}.Release|Any CPU.ActiveCfg = Release|Any CPU
		{42C41FD8-44BA-4C61-A3F0-D792ED319DF5}.Release|Any CPU.Build.0 = Release|Any CPU
		{5D0C59AB-E258-4821-BC89-C9C45ED49C11}.Debug|Any CPU.ActiveCfg = Debug|Any CPU
		{5D0C59AB-E258-4821-BC89-C9C45ED49C11}.Debug|Any CPU.Build.0 = Debug|Any CPU
		{5D0C59AB-E258-4821-BC89-C9C45ED49C11}.Release|Any CPU.ActiveCfg = Release|Any CPU
		{5D0C59AB-E258-4821-BC89-C9C45ED49C11}.Release|Any CPU.Build.0 = Release|Any CPU
		{821573D2-165A-4C89-8E36-36137704CF99}.Debug|Any CPU.ActiveCfg = Debug|Any CPU
		{821573D2-165A-4C89-8E36-36137704CF99}.Debug|Any CPU.Build.0 = Debug|Any CPU
		{821573D2-165A-4C89-8E36-36137704CF99}.Release|Any CPU.ActiveCfg = Release|Any CPU
		{821573D2-165A-4C89-8E36-36137704CF99}.Release|Any CPU.Build.0 = Release|Any CPU
		{4D38465D-F577-49BE-BBC6-43A7CE9FB822}.Debug|Any CPU.ActiveCfg = Debug|Any CPU
		{4D38465D-F577-49BE-BBC6-43A7CE9FB822}.Debug|Any CPU.Build.0 = Debug|Any CPU
		{4D38465D-F577-49BE-BBC6-43A7CE9FB822}.Release|Any CPU.ActiveCfg = Release|Any CPU
		{4D38465D-F577-49BE-BBC6-43A7CE9FB822}.Release|Any CPU.Build.0 = Release|Any CPU
		{8DF3AEDB-A4A6-4965-A8DE-3771AC79CF04}.Debug|Any CPU.ActiveCfg = Debug|Any CPU
		{8DF3AEDB-A4A6-4965-A8DE-3771AC79CF04}.Debug|Any CPU.Build.0 = Debug|Any CPU
		{8DF3AEDB-A4A6-4965-A8DE-3771AC79CF04}.Release|Any CPU.ActiveCfg = Release|Any CPU
		{8DF3AEDB-A4A6-4965-A8DE-3771AC79CF04}.Release|Any CPU.Build.0 = Release|Any CPU
	EndGlobalSection
	GlobalSection(SolutionProperties) = preSolution
		HideSolutionNode = FALSE
	EndGlobalSection
	GlobalSection(NestedProjects) = preSolution
		{E5AB38F3-F142-41B9-82B5-7F1F99EFA0A2} = {E448FC46-965F-4D6A-A98E-821649B4AED3}
		{5DC011EF-7EBB-4212-84AD-29BFBB089EF7} = {BAF53156-5E7A-4C12-9774-2EDF4E83F192}
		{17DC17EF-C90E-4864-9C04-5FD484BA3000} = {E448FC46-965F-4D6A-A98E-821649B4AED3}
		{568AC684-6797-4B10-86AB-3D3D1F70699B} = {E448FC46-965F-4D6A-A98E-821649B4AED3}
		{29976D6C-648F-4D65-9FFA-31E1B72BABCA} = {9BA71A1A-D712-47CC-B230-6979D2CFD5F7}
		{8C1ACEE8-A4C5-4432-A052-4F8B3702665E} = {91B76D42-EA29-400B-983E-1C5E8315576E}
		{2465BB96-ADCA-4C86-9F31-38A63D6B365D} = {91B76D42-EA29-400B-983E-1C5E8315576E}
		{34223BDB-D51B-48F7-BD8E-40C2AE55C219} = {91B76D42-EA29-400B-983E-1C5E8315576E}
		{AA04930B-9959-4F49-AE33-BC2F919F7470} = {34223BDB-D51B-48F7-BD8E-40C2AE55C219}
		{9CA0E838-DBA5-4FFF-B322-9A44B47E0AA0} = {34223BDB-D51B-48F7-BD8E-40C2AE55C219}
		{2D57547A-0A4F-4A83-92F5-BC27253F1FC9} = {5EDC821F-A295-4E1A-9C77-B6021857A954}
		{D7B04AAC-2177-4897-99A9-DE731EA960DC} = {5EDC821F-A295-4E1A-9C77-B6021857A954}
		{80876C2D-BF96-422C-9BA0-A085C4ACD3F5} = {5EDC821F-A295-4E1A-9C77-B6021857A954}
		{BD4E36C3-5B4C-4596-9C46-A841368B574D} = {E448FC46-965F-4D6A-A98E-821649B4AED3}
		{59A321A8-3F10-40A3-B76F-50342BF42436} = {9BA71A1A-D712-47CC-B230-6979D2CFD5F7}
		{09AC2BCA-AC0C-4E01-9466-CACFA57E7EC8} = {91B76D42-EA29-400B-983E-1C5E8315576E}
		{69516DDF-ED10-43FC-9726-0DCD0950EE0B} = {BAF53156-5E7A-4C12-9774-2EDF4E83F192}
		{05027D56-DB25-4ECE-960A-3B1D63D5C0E9} = {E5AB38F3-F142-41B9-82B5-7F1F99EFA0A2}
		{4F37F05C-19CE-4443-AD88-D82D941E779F} = {E5AB38F3-F142-41B9-82B5-7F1F99EFA0A2}
		{EC62A3AF-0E3F-43DC-8604-DA755DB0F125} = {E5AB38F3-F142-41B9-82B5-7F1F99EFA0A2}
		{9CF541F7-2F53-45B5-AB80-3B23C307036C} = {E5AB38F3-F142-41B9-82B5-7F1F99EFA0A2}
		{42C41FD8-44BA-4C61-A3F0-D792ED319DF5} = {E5AB38F3-F142-41B9-82B5-7F1F99EFA0A2}
		{5D0C59AB-E258-4821-BC89-C9C45ED49C11} = {E5AB38F3-F142-41B9-82B5-7F1F99EFA0A2}
		{821573D2-165A-4C89-8E36-36137704CF99} = {E5AB38F3-F142-41B9-82B5-7F1F99EFA0A2}
		{4D38465D-F577-49BE-BBC6-43A7CE9FB822} = {E5AB38F3-F142-41B9-82B5-7F1F99EFA0A2}
		{8DF3AEDB-A4A6-4965-A8DE-3771AC79CF04} = {E5AB38F3-F142-41B9-82B5-7F1F99EFA0A2}
	EndGlobalSection
	GlobalSection(ExtensibilityGlobals) = postSolution
		SolutionGuid = {34D23819-9ACD-4281-A47E-770A118CEAAD}
	EndGlobalSection
EndGlobal
