
Microsoft Visual Studio Solution File, Format Version 12.00
# Visual Studio 15
VisualStudioVersion = 15.0.27130.2027
MinimumVisualStudioVersion = 10.0.40219.1
Project("{2150E333-8FDC-42A3-9474-1A3956D46DE8}") = "Components", "Components", "{E448FC46-965F-4D6A-A98E-821649B4AED3}"
EndProject
Project("{2150E333-8FDC-42A3-9474-1A3956D46DE8}") = "Usage", "Usage", "{E5AB38F3-F142-41B9-82B5-7F1F99EFA0A2}"
EndProject
Project("{FAE04EC0-301F-11D3-BF4B-00C04F79EFBC}") = "StringManipulator", "Components\Usage\StringManipulator\StringManipulator.csproj", "{77A5942C-2F54-4ADF-840D-BD025955823F}"
EndProject
Project("{FAE04EC0-301F-11D3-BF4B-00C04F79EFBC}") = "LowerManipulator", "Components\Usage\LowerManipulator\LowerManipulator.csproj", "{51708940-0819-4808-9740-0B4905739E8B}"
EndProject
Project("{FAE04EC0-301F-11D3-BF4B-00C04F79EFBC}") = "UpperManipulator", "Components\Usage\UpperManipulator\UpperManipulator.csproj", "{7C6FC699-13F2-4709-9EF3-FD0FF23273D1}"
EndProject
Project("{FAE04EC0-301F-11D3-BF4B-00C04F79EFBC}") = "Calculator", "Components\Usage\Calculator\Calculator.csproj", "{9730F0B1-44BB-46AD-9A08-027BE1D3B3D1}"
EndProject
Project("{FAE04EC0-301F-11D3-BF4B-00C04F79EFBC}") = "MyCalculator", "Components\Usage\MyCalculator\MyCalculator.csproj", "{2F0B70BA-E4D3-44B1-B6A3-288A9ADFB2EF}"
EndProject
Project("{FAE04EC0-301F-11D3-BF4B-00C04F79EFBC}") = "ComponentsTests", "Components\ComponentsTests\ComponentsTests.csproj", "{39E9AEE7-247A-44AA-ABDF-5897F6ABCA3C}"
EndProject
Project("{FAE04EC0-301F-11D3-BF4B-00C04F79EFBC}") = "ReversingManipulator", "Components\Usage\ReversingManipulator\ReversingManipulator.csproj", "{A8BAD491-2640-4B00-A07F-2626DAFEB5F8}"
EndProject
Project("{2150E333-8FDC-42A3-9474-1A3956D46DE8}") = "Logger", "Logger", "{BAF53156-5E7A-4C12-9774-2EDF4E83F192}"
EndProject
Project("{FAE04EC0-301F-11D3-BF4B-00C04F79EFBC}") = "MyCalculator2", "Components\Usage\MyCalculator2\MyCalculator2.csproj", "{0F37DC04-7539-42F3-AFC9-05ADA8AB9E2D}"
EndProject
Project("{FAE04EC0-301F-11D3-BF4B-00C04F79EFBC}") = "AbstractClassContract", "Components\Usage\AbstractClassContract\AbstractClassContract.csproj", "{6AB8903E-61FF-4405-9294-603866122E1B}"
EndProject
Project("{FAE04EC0-301F-11D3-BF4B-00C04F79EFBC}") = "AbstractClassContractImplementaion", "Components\Usage\AbstractClassContractImplementaion\AbstractClassContractImplementaion.csproj", "{12374E52-EF0F-4151-9DAF-36E882DAA881}"
EndProject
Project("{9A19103F-16F7-4668-BE54-9A1E7A4F7556}") = "Logging", "Logger\Logging\Logging.csproj", "{5DC011EF-7EBB-4212-84AD-29BFBB089EF7}"
EndProject
Project("{9A19103F-16F7-4668-BE54-9A1E7A4F7556}") = "ComponentContract", "Components\ComponentContract\ComponentContract.csproj", "{17DC17EF-C90E-4864-9C04-5FD484BA3000}"
EndProject
Project("{9A19103F-16F7-4668-BE54-9A1E7A4F7556}") = "ComponentsLoader", "Components\ComponentsLoader\ComponentsLoader.csproj", "{568AC684-6797-4B10-86AB-3D3D1F70699B}"
EndProject
Project("{2150E333-8FDC-42A3-9474-1A3956D46DE8}") = "Configuration", "Configuration", "{9BA71A1A-D712-47CC-B230-6979D2CFD5F7}"
EndProject
Project("{9A19103F-16F7-4668-BE54-9A1E7A4F7556}") = "ConfigurationManager", "Configuration\ConfigurationManager\ConfigurationManager.csproj", "{29976D6C-648F-4D65-9FFA-31E1B72BABCA}"
EndProject
Project("{FAE04EC0-301F-11D3-BF4B-00C04F79EFBC}") = "ConfigurationTests", "Configuration\ConfigurationTests\ConfigurationTests.csproj", "{1CCF36B2-F012-418D-A745-4A505BBAE79D}"
EndProject
Project("{2150E333-8FDC-42A3-9474-1A3956D46DE8}") = "Legion", "Legion", "{91B76D42-EA29-400B-983E-1C5E8315576E}"
EndProject
Project("{9A19103F-16F7-4668-BE54-9A1E7A4F7556}") = "LegionContract", "Legion\LegionContract\LegionContract.csproj", "{8C1ACEE8-A4C5-4432-A052-4F8B3702665E}"
EndProject
Project("{9A19103F-16F7-4668-BE54-9A1E7A4F7556}") = "LegionCore", "Legion\LegionCore\LegionCore.csproj", "{2465BB96-ADCA-4C86-9F31-38A63D6B365D}"
EndProject
Project("{2150E333-8FDC-42A3-9474-1A3956D46DE8}") = "Usage", "Usage", "{34223BDB-D51B-48F7-BD8E-40C2AE55C219}"
EndProject
Project("{9A19103F-16F7-4668-BE54-9A1E7A4F7556}") = "BasicTask", "Legion\Usage\BasicTask\BasicTask.csproj", "{AA04930B-9959-4F49-AE33-BC2F919F7470}"
EndProject
Project("{FAE04EC0-301F-11D3-BF4B-00C04F79EFBC}") = "LegionTests", "Legion\LegionTests\LegionTests.csproj", "{DF529B70-CCAF-4FBB-9F70-83467057A672}"
EndProject
Project("{FAE04EC0-301F-11D3-BF4B-00C04F79EFBC}") = "LoggingTests", "Logger\LoggingTests\LoggingTests.csproj", "{5669D282-550E-4A2A-B546-09967172EF07}"
EndProject
Project("{9A19103F-16F7-4668-BE54-9A1E7A4F7556}") = "MulAndWaitTask", "Legion\Usage\MulAndWaitTask\MulAndWaitTask.csproj", "{9CA0E838-DBA5-4FFF-B322-9A44B47E0AA0}"
EndProject
Project("{2150E333-8FDC-42A3-9474-1A3956D46DE8}") = "Host", "Host", "{5EDC821F-A295-4E1A-9C77-B6021857A954}"
EndProject
Project("{FAE04EC0-301F-11D3-BF4B-00C04F79EFBC}") = "HostNetCore", "Host\HostNetCore\HostNetCore.csproj", "{2D57547A-0A4F-4A83-92F5-BC27253F1FC9}"
EndProject
Project("{FAE04EC0-301F-11D3-BF4B-00C04F79EFBC}") = "HostLibrary", "Host\HostLibrary\HostLibrary.csproj", "{D7B04AAC-2177-4897-99A9-DE731EA960DC}"
EndProject
Project("{FAE04EC0-301F-11D3-BF4B-00C04F79EFBC}") = "HostNetFramework", "Host\HostNetFramework\HostNetFramework.csproj", "{80876C2D-BF96-422C-9BA0-A085C4ACD3F5}"
EndProject
Global
	GlobalSection(SolutionConfigurationPlatforms) = preSolution
		Debug|Any CPU = Debug|Any CPU
		Release|Any CPU = Release|Any CPU
	EndGlobalSection
	GlobalSection(ProjectConfigurationPlatforms) = postSolution
		{77A5942C-2F54-4ADF-840D-BD025955823F}.Debug|Any CPU.ActiveCfg = Debug|Any CPU
		{77A5942C-2F54-4ADF-840D-BD025955823F}.Debug|Any CPU.Build.0 = Debug|Any CPU
		{77A5942C-2F54-4ADF-840D-BD025955823F}.Release|Any CPU.ActiveCfg = Release|Any CPU
		{77A5942C-2F54-4ADF-840D-BD025955823F}.Release|Any CPU.Build.0 = Release|Any CPU
		{51708940-0819-4808-9740-0B4905739E8B}.Debug|Any CPU.ActiveCfg = Debug|Any CPU
		{51708940-0819-4808-9740-0B4905739E8B}.Debug|Any CPU.Build.0 = Debug|Any CPU
		{51708940-0819-4808-9740-0B4905739E8B}.Release|Any CPU.ActiveCfg = Release|Any CPU
		{51708940-0819-4808-9740-0B4905739E8B}.Release|Any CPU.Build.0 = Release|Any CPU
		{7C6FC699-13F2-4709-9EF3-FD0FF23273D1}.Debug|Any CPU.ActiveCfg = Debug|Any CPU
		{7C6FC699-13F2-4709-9EF3-FD0FF23273D1}.Debug|Any CPU.Build.0 = Debug|Any CPU
		{7C6FC699-13F2-4709-9EF3-FD0FF23273D1}.Release|Any CPU.ActiveCfg = Release|Any CPU
		{7C6FC699-13F2-4709-9EF3-FD0FF23273D1}.Release|Any CPU.Build.0 = Release|Any CPU
		{9730F0B1-44BB-46AD-9A08-027BE1D3B3D1}.Debug|Any CPU.ActiveCfg = Debug|Any CPU
		{9730F0B1-44BB-46AD-9A08-027BE1D3B3D1}.Debug|Any CPU.Build.0 = Debug|Any CPU
		{9730F0B1-44BB-46AD-9A08-027BE1D3B3D1}.Release|Any CPU.ActiveCfg = Release|Any CPU
		{9730F0B1-44BB-46AD-9A08-027BE1D3B3D1}.Release|Any CPU.Build.0 = Release|Any CPU
		{2F0B70BA-E4D3-44B1-B6A3-288A9ADFB2EF}.Debug|Any CPU.ActiveCfg = Debug|Any CPU
		{2F0B70BA-E4D3-44B1-B6A3-288A9ADFB2EF}.Debug|Any CPU.Build.0 = Debug|Any CPU
		{2F0B70BA-E4D3-44B1-B6A3-288A9ADFB2EF}.Release|Any CPU.ActiveCfg = Release|Any CPU
		{2F0B70BA-E4D3-44B1-B6A3-288A9ADFB2EF}.Release|Any CPU.Build.0 = Release|Any CPU
		{39E9AEE7-247A-44AA-ABDF-5897F6ABCA3C}.Debug|Any CPU.ActiveCfg = Debug|Any CPU
		{39E9AEE7-247A-44AA-ABDF-5897F6ABCA3C}.Debug|Any CPU.Build.0 = Debug|Any CPU
		{39E9AEE7-247A-44AA-ABDF-5897F6ABCA3C}.Release|Any CPU.ActiveCfg = Release|Any CPU
		{39E9AEE7-247A-44AA-ABDF-5897F6ABCA3C}.Release|Any CPU.Build.0 = Release|Any CPU
		{A8BAD491-2640-4B00-A07F-2626DAFEB5F8}.Debug|Any CPU.ActiveCfg = Debug|Any CPU
		{A8BAD491-2640-4B00-A07F-2626DAFEB5F8}.Debug|Any CPU.Build.0 = Debug|Any CPU
		{A8BAD491-2640-4B00-A07F-2626DAFEB5F8}.Release|Any CPU.ActiveCfg = Release|Any CPU
		{A8BAD491-2640-4B00-A07F-2626DAFEB5F8}.Release|Any CPU.Build.0 = Release|Any CPU
		{0F37DC04-7539-42F3-AFC9-05ADA8AB9E2D}.Debug|Any CPU.ActiveCfg = Debug|Any CPU
		{0F37DC04-7539-42F3-AFC9-05ADA8AB9E2D}.Debug|Any CPU.Build.0 = Debug|Any CPU
		{0F37DC04-7539-42F3-AFC9-05ADA8AB9E2D}.Release|Any CPU.ActiveCfg = Release|Any CPU
		{0F37DC04-7539-42F3-AFC9-05ADA8AB9E2D}.Release|Any CPU.Build.0 = Release|Any CPU
		{6AB8903E-61FF-4405-9294-603866122E1B}.Debug|Any CPU.ActiveCfg = Debug|Any CPU
		{6AB8903E-61FF-4405-9294-603866122E1B}.Debug|Any CPU.Build.0 = Debug|Any CPU
		{6AB8903E-61FF-4405-9294-603866122E1B}.Release|Any CPU.ActiveCfg = Release|Any CPU
		{6AB8903E-61FF-4405-9294-603866122E1B}.Release|Any CPU.Build.0 = Release|Any CPU
		{12374E52-EF0F-4151-9DAF-36E882DAA881}.Debug|Any CPU.ActiveCfg = Debug|Any CPU
		{12374E52-EF0F-4151-9DAF-36E882DAA881}.Debug|Any CPU.Build.0 = Debug|Any CPU
		{12374E52-EF0F-4151-9DAF-36E882DAA881}.Release|Any CPU.ActiveCfg = Release|Any CPU
		{12374E52-EF0F-4151-9DAF-36E882DAA881}.Release|Any CPU.Build.0 = Release|Any CPU
		{5DC011EF-7EBB-4212-84AD-29BFBB089EF7}.Debug|Any CPU.ActiveCfg = Debug|Any CPU
		{5DC011EF-7EBB-4212-84AD-29BFBB089EF7}.Debug|Any CPU.Build.0 = Debug|Any CPU
		{5DC011EF-7EBB-4212-84AD-29BFBB089EF7}.Release|Any CPU.ActiveCfg = Release|Any CPU
		{5DC011EF-7EBB-4212-84AD-29BFBB089EF7}.Release|Any CPU.Build.0 = Release|Any CPU
		{17DC17EF-C90E-4864-9C04-5FD484BA3000}.Debug|Any CPU.ActiveCfg = Debug|Any CPU
		{17DC17EF-C90E-4864-9C04-5FD484BA3000}.Debug|Any CPU.Build.0 = Debug|Any CPU
		{17DC17EF-C90E-4864-9C04-5FD484BA3000}.Release|Any CPU.ActiveCfg = Release|Any CPU
		{17DC17EF-C90E-4864-9C04-5FD484BA3000}.Release|Any CPU.Build.0 = Release|Any CPU
		{568AC684-6797-4B10-86AB-3D3D1F70699B}.Debug|Any CPU.ActiveCfg = Debug|Any CPU
		{568AC684-6797-4B10-86AB-3D3D1F70699B}.Debug|Any CPU.Build.0 = Debug|Any CPU
		{568AC684-6797-4B10-86AB-3D3D1F70699B}.Release|Any CPU.ActiveCfg = Release|Any CPU
		{568AC684-6797-4B10-86AB-3D3D1F70699B}.Release|Any CPU.Build.0 = Release|Any CPU
		{29976D6C-648F-4D65-9FFA-31E1B72BABCA}.Debug|Any CPU.ActiveCfg = Debug|Any CPU
		{29976D6C-648F-4D65-9FFA-31E1B72BABCA}.Debug|Any CPU.Build.0 = Debug|Any CPU
		{29976D6C-648F-4D65-9FFA-31E1B72BABCA}.Release|Any CPU.ActiveCfg = Release|Any CPU
		{29976D6C-648F-4D65-9FFA-31E1B72BABCA}.Release|Any CPU.Build.0 = Release|Any CPU
		{1CCF36B2-F012-418D-A745-4A505BBAE79D}.Debug|Any CPU.ActiveCfg = Debug|Any CPU
		{1CCF36B2-F012-418D-A745-4A505BBAE79D}.Debug|Any CPU.Build.0 = Debug|Any CPU
		{1CCF36B2-F012-418D-A745-4A505BBAE79D}.Release|Any CPU.ActiveCfg = Release|Any CPU
		{1CCF36B2-F012-418D-A745-4A505BBAE79D}.Release|Any CPU.Build.0 = Release|Any CPU
		{8C1ACEE8-A4C5-4432-A052-4F8B3702665E}.Debug|Any CPU.ActiveCfg = Debug|Any CPU
		{8C1ACEE8-A4C5-4432-A052-4F8B3702665E}.Debug|Any CPU.Build.0 = Debug|Any CPU
		{8C1ACEE8-A4C5-4432-A052-4F8B3702665E}.Release|Any CPU.ActiveCfg = Release|Any CPU
		{8C1ACEE8-A4C5-4432-A052-4F8B3702665E}.Release|Any CPU.Build.0 = Release|Any CPU
		{2465BB96-ADCA-4C86-9F31-38A63D6B365D}.Debug|Any CPU.ActiveCfg = Debug|Any CPU
		{2465BB96-ADCA-4C86-9F31-38A63D6B365D}.Debug|Any CPU.Build.0 = Debug|Any CPU
		{2465BB96-ADCA-4C86-9F31-38A63D6B365D}.Release|Any CPU.ActiveCfg = Release|Any CPU
		{2465BB96-ADCA-4C86-9F31-38A63D6B365D}.Release|Any CPU.Build.0 = Release|Any CPU
		{AA04930B-9959-4F49-AE33-BC2F919F7470}.Debug|Any CPU.ActiveCfg = Debug|Any CPU
		{AA04930B-9959-4F49-AE33-BC2F919F7470}.Debug|Any CPU.Build.0 = Debug|Any CPU
		{AA04930B-9959-4F49-AE33-BC2F919F7470}.Release|Any CPU.ActiveCfg = Release|Any CPU
		{AA04930B-9959-4F49-AE33-BC2F919F7470}.Release|Any CPU.Build.0 = Release|Any CPU
		{DF529B70-CCAF-4FBB-9F70-83467057A672}.Debug|Any CPU.ActiveCfg = Debug|Any CPU
		{DF529B70-CCAF-4FBB-9F70-83467057A672}.Debug|Any CPU.Build.0 = Debug|Any CPU
		{DF529B70-CCAF-4FBB-9F70-83467057A672}.Release|Any CPU.ActiveCfg = Release|Any CPU
		{DF529B70-CCAF-4FBB-9F70-83467057A672}.Release|Any CPU.Build.0 = Release|Any CPU
		{5669D282-550E-4A2A-B546-09967172EF07}.Debug|Any CPU.ActiveCfg = Debug|Any CPU
		{5669D282-550E-4A2A-B546-09967172EF07}.Debug|Any CPU.Build.0 = Debug|Any CPU
		{5669D282-550E-4A2A-B546-09967172EF07}.Release|Any CPU.ActiveCfg = Release|Any CPU
		{5669D282-550E-4A2A-B546-09967172EF07}.Release|Any CPU.Build.0 = Release|Any CPU
		{9CA0E838-DBA5-4FFF-B322-9A44B47E0AA0}.Debug|Any CPU.ActiveCfg = Debug|Any CPU
		{9CA0E838-DBA5-4FFF-B322-9A44B47E0AA0}.Debug|Any CPU.Build.0 = Debug|Any CPU
		{9CA0E838-DBA5-4FFF-B322-9A44B47E0AA0}.Release|Any CPU.ActiveCfg = Release|Any CPU
		{9CA0E838-DBA5-4FFF-B322-9A44B47E0AA0}.Release|Any CPU.Build.0 = Release|Any CPU
		{2D57547A-0A4F-4A83-92F5-BC27253F1FC9}.Debug|Any CPU.ActiveCfg = Debug|Any CPU
		{2D57547A-0A4F-4A83-92F5-BC27253F1FC9}.Debug|Any CPU.Build.0 = Debug|Any CPU
		{2D57547A-0A4F-4A83-92F5-BC27253F1FC9}.Release|Any CPU.ActiveCfg = Release|Any CPU
		{2D57547A-0A4F-4A83-92F5-BC27253F1FC9}.Release|Any CPU.Build.0 = Release|Any CPU
		{D7B04AAC-2177-4897-99A9-DE731EA960DC}.Debug|Any CPU.ActiveCfg = Debug|Any CPU
		{D7B04AAC-2177-4897-99A9-DE731EA960DC}.Debug|Any CPU.Build.0 = Debug|Any CPU
		{D7B04AAC-2177-4897-99A9-DE731EA960DC}.Release|Any CPU.ActiveCfg = Release|Any CPU
		{D7B04AAC-2177-4897-99A9-DE731EA960DC}.Release|Any CPU.Build.0 = Release|Any CPU
		{80876C2D-BF96-422C-9BA0-A085C4ACD3F5}.Debug|Any CPU.ActiveCfg = Debug|Any CPU
		{80876C2D-BF96-422C-9BA0-A085C4ACD3F5}.Debug|Any CPU.Build.0 = Debug|Any CPU
		{80876C2D-BF96-422C-9BA0-A085C4ACD3F5}.Release|Any CPU.ActiveCfg = Release|Any CPU
		{80876C2D-BF96-422C-9BA0-A085C4ACD3F5}.Release|Any CPU.Build.0 = Release|Any CPU
	EndGlobalSection
	GlobalSection(SolutionProperties) = preSolution
		HideSolutionNode = FALSE
	EndGlobalSection
	GlobalSection(NestedProjects) = preSolution
		{E5AB38F3-F142-41B9-82B5-7F1F99EFA0A2} = {E448FC46-965F-4D6A-A98E-821649B4AED3}
		{77A5942C-2F54-4ADF-840D-BD025955823F} = {E5AB38F3-F142-41B9-82B5-7F1F99EFA0A2}
		{51708940-0819-4808-9740-0B4905739E8B} = {E5AB38F3-F142-41B9-82B5-7F1F99EFA0A2}
		{7C6FC699-13F2-4709-9EF3-FD0FF23273D1} = {E5AB38F3-F142-41B9-82B5-7F1F99EFA0A2}
		{9730F0B1-44BB-46AD-9A08-027BE1D3B3D1} = {E5AB38F3-F142-41B9-82B5-7F1F99EFA0A2}
		{2F0B70BA-E4D3-44B1-B6A3-288A9ADFB2EF} = {E5AB38F3-F142-41B9-82B5-7F1F99EFA0A2}
		{39E9AEE7-247A-44AA-ABDF-5897F6ABCA3C} = {E448FC46-965F-4D6A-A98E-821649B4AED3}
		{A8BAD491-2640-4B00-A07F-2626DAFEB5F8} = {E5AB38F3-F142-41B9-82B5-7F1F99EFA0A2}
		{0F37DC04-7539-42F3-AFC9-05ADA8AB9E2D} = {E5AB38F3-F142-41B9-82B5-7F1F99EFA0A2}
		{6AB8903E-61FF-4405-9294-603866122E1B} = {E5AB38F3-F142-41B9-82B5-7F1F99EFA0A2}
		{12374E52-EF0F-4151-9DAF-36E882DAA881} = {E5AB38F3-F142-41B9-82B5-7F1F99EFA0A2}
		{5DC011EF-7EBB-4212-84AD-29BFBB089EF7} = {BAF53156-5E7A-4C12-9774-2EDF4E83F192}
		{17DC17EF-C90E-4864-9C04-5FD484BA3000} = {E448FC46-965F-4D6A-A98E-821649B4AED3}
		{568AC684-6797-4B10-86AB-3D3D1F70699B} = {E448FC46-965F-4D6A-A98E-821649B4AED3}
		{29976D6C-648F-4D65-9FFA-31E1B72BABCA} = {9BA71A1A-D712-47CC-B230-6979D2CFD5F7}
		{1CCF36B2-F012-418D-A745-4A505BBAE79D} = {9BA71A1A-D712-47CC-B230-6979D2CFD5F7}
		{8C1ACEE8-A4C5-4432-A052-4F8B3702665E} = {91B76D42-EA29-400B-983E-1C5E8315576E}
		{2465BB96-ADCA-4C86-9F31-38A63D6B365D} = {91B76D42-EA29-400B-983E-1C5E8315576E}
		{34223BDB-D51B-48F7-BD8E-40C2AE55C219} = {91B76D42-EA29-400B-983E-1C5E8315576E}
		{AA04930B-9959-4F49-AE33-BC2F919F7470} = {34223BDB-D51B-48F7-BD8E-40C2AE55C219}
		{DF529B70-CCAF-4FBB-9F70-83467057A672} = {91B76D42-EA29-400B-983E-1C5E8315576E}
		{5669D282-550E-4A2A-B546-09967172EF07} = {BAF53156-5E7A-4C12-9774-2EDF4E83F192}
		{9CA0E838-DBA5-4FFF-B322-9A44B47E0AA0} = {34223BDB-D51B-48F7-BD8E-40C2AE55C219}
		{2D57547A-0A4F-4A83-92F5-BC27253F1FC9} = {5EDC821F-A295-4E1A-9C77-B6021857A954}
		{D7B04AAC-2177-4897-99A9-DE731EA960DC} = {5EDC821F-A295-4E1A-9C77-B6021857A954}
		{80876C2D-BF96-422C-9BA0-A085C4ACD3F5} = {5EDC821F-A295-4E1A-9C77-B6021857A954}
	EndGlobalSection
	GlobalSection(ExtensibilityGlobals) = postSolution
		SolutionGuid = {34D23819-9ACD-4281-A47E-770A118CEAAD}
	EndGlobalSection
EndGlobal
